
Microsoft Visual Studio Solution File, Format Version 12.00
# Visual Studio Version 16
VisualStudioVersion = 16.0.29609.76
MinimumVisualStudioVersion = 10.0.40219.1
Project("{FAE04EC0-301F-11D3-BF4B-00C04F79EFBC}") = "JwtAuthReact", "JwtAuthReact.csproj", "{3B89F4CA-148B-4861-916A-574A66BA8939}"
EndProject
Global
	GlobalSection(SolutionConfigurationPlatforms) = preSolution
		Debug|Any CPU = Debug|Any CPU
		Release|Any CPU = Release|Any CPU
	EndGlobalSection
	GlobalSection(ProjectConfigurationPlatforms) = postSolution
		{3B89F4CA-148B-4861-916A-574A66BA8939}.Debug|Any CPU.ActiveCfg = Debug|Any CPU
		{3B89F4CA-148B-4861-916A-574A66BA8939}.Debug|Any CPU.Build.0 = Debug|Any CPU
		{3B89F4CA-148B-4861-916A-574A66BA8939}.Release|Any CPU.ActiveCfg = Release|Any CPU
		{3B89F4CA-148B-4861-916A-574A66BA8939}.Release|Any CPU.Build.0 = Release|Any CPU
	EndGlobalSection
	GlobalSection(SolutionProperties) = preSolution
		HideSolutionNode = FALSE
	EndGlobalSection
	GlobalSection(ExtensibilityGlobals) = postSolution
		SolutionGuid = {72597A4C-4D93-45F5-B026-2C3B6112DCFE}
	EndGlobalSection
EndGlobal
